
Microsoft Visual Studio Solution File, Format Version 12.00
# Visual Studio Version 16
VisualStudioVersion = 16.0.30717.126
MinimumVisualStudioVersion = 10.0.40219.1
Project("{FAE04EC0-301F-11D3-BF4B-00C04F79EFBC}") = "exercise2-fix-csharp-automation", "exercise2-fix-csharp-automation.csproj", "{EA28F810-3BFC-4755-8C7E-A283A520132F}"
EndProject
Global
	GlobalSection(SolutionConfigurationPlatforms) = preSolution
		Debug|Any CPU = Debug|Any CPU
		Release|Any CPU = Release|Any CPU
	EndGlobalSection
	GlobalSection(ProjectConfigurationPlatforms) = postSolution
		{EA28F810-3BFC-4755-8C7E-A283A520132F}.Debug|Any CPU.ActiveCfg = Debug|Any CPU
		{EA28F810-3BFC-4755-8C7E-A283A520132F}.Debug|Any CPU.Build.0 = Debug|Any CPU
		{EA28F810-3BFC-4755-8C7E-A283A520132F}.Release|Any CPU.ActiveCfg = Release|Any CPU
		{EA28F810-3BFC-4755-8C7E-A283A520132F}.Release|Any CPU.Build.0 = Release|Any CPU
	EndGlobalSection
	GlobalSection(SolutionProperties) = preSolution
		HideSolutionNode = FALSE
	EndGlobalSection
	GlobalSection(ExtensibilityGlobals) = postSolution
		SolutionGuid = {3EA52F69-CE97-4A17-869C-416DF2935A38}
	EndGlobalSection
EndGlobal
